
Microsoft Visual Studio Solution File, Format Version 12.00
# Visual Studio Version 16
VisualStudioVersion = 16.0.33027.164
MinimumVisualStudioVersion = 10.0.40219.1
Project("{FAE04EC0-301F-11D3-BF4B-00C04F79EFBC}") = "Suplimentar", "Suplimentar\Suplimentar.csproj", "{8DBB5DD9-F4A7-4C8E-BAC4-B033E70B9CA7}"
EndProject
Global
	GlobalSection(SolutionConfigurationPlatforms) = preSolution
		Debug|Any CPU = Debug|Any CPU
		Release|Any CPU = Release|Any CPU
	EndGlobalSection
	GlobalSection(ProjectConfigurationPlatforms) = postSolution
		{8DBB5DD9-F4A7-4C8E-BAC4-B033E70B9CA7}.Debug|Any CPU.ActiveCfg = Debug|Any CPU
		{8DBB5DD9-F4A7-4C8E-BAC4-B033E70B9CA7}.Debug|Any CPU.Build.0 = Debug|Any CPU
		{8DBB5DD9-F4A7-4C8E-BAC4-B033E70B9CA7}.Release|Any CPU.ActiveCfg = Release|Any CPU
		{8DBB5DD9-F4A7-4C8E-BAC4-B033E70B9CA7}.Release|Any CPU.Build.0 = Release|Any CPU
	EndGlobalSection
	GlobalSection(SolutionProperties) = preSolution
		HideSolutionNode = FALSE
	EndGlobalSection
	GlobalSection(ExtensibilityGlobals) = postSolution
		SolutionGuid = {63E63D45-70A6-470E-A29D-8F2D377DF14F}
	EndGlobalSection
EndGlobal
